
Microsoft Visual Studio Solution File, Format Version 12.00
# Visual Studio Version 17
VisualStudioVersion = 17.3.32804.467
MinimumVisualStudioVersion = 10.0.40219.1
Project("{9A19103F-16F7-4668-BE54-9A1E7A4F7556}") = "StanzaBonanza.API", "StanzaBonanza\StanzaBonanza.API.csproj", "{397BADF4-C13E-4CDD-A790-7F6412F5DC56}"
EndProject
Project("{9A19103F-16F7-4668-BE54-9A1E7A4F7556}") = "StanzaBonanza.Models", "StanzaBonanza.Models\StanzaBonanza.Models.csproj", "{26C5B51D-0DCE-4616-9F6C-EE743C48F661}"
EndProject
Project("{9A19103F-16F7-4668-BE54-9A1E7A4F7556}") = "StanzaBonanza.DataAccess", "StanzaBonanza.DAL\StanzaBonanza.DataAccess.csproj", "{0BC3E121-BB35-4C0E-98B4-9753FCE9A883}"
EndProject
Project("{9A19103F-16F7-4668-BE54-9A1E7A4F7556}") = "StanzaBonanza.Services", "StanzaBonanza.Services\StanzaBonanza.Services.csproj", "{73B7465A-7242-4859-9FD7-E337F67B5A28}"
EndProject
Project("{FAE04EC0-301F-11D3-BF4B-00C04F79EFBC}") = "StanzaBonanza.Tests", "StanzaBonanza.Tests\StanzaBonanza.Tests.csproj", "{CD54A3F5-F14D-4C80-BBEE-44BF31ECA818}"
EndProject
Global
	GlobalSection(SolutionConfigurationPlatforms) = preSolution
		Debug|Any CPU = Debug|Any CPU
		Release|Any CPU = Release|Any CPU
	EndGlobalSection
	GlobalSection(ProjectConfigurationPlatforms) = postSolution
		{397BADF4-C13E-4CDD-A790-7F6412F5DC56}.Debug|Any CPU.ActiveCfg = Debug|Any CPU
		{397BADF4-C13E-4CDD-A790-7F6412F5DC56}.Debug|Any CPU.Build.0 = Debug|Any CPU
		{397BADF4-C13E-4CDD-A790-7F6412F5DC56}.Release|Any CPU.ActiveCfg = Release|Any CPU
		{397BADF4-C13E-4CDD-A790-7F6412F5DC56}.Release|Any CPU.Build.0 = Release|Any CPU
		{26C5B51D-0DCE-4616-9F6C-EE743C48F661}.Debug|Any CPU.ActiveCfg = Debug|Any CPU
		{26C5B51D-0DCE-4616-9F6C-EE743C48F661}.Debug|Any CPU.Build.0 = Debug|Any CPU
		{26C5B51D-0DCE-4616-9F6C-EE743C48F661}.Release|Any CPU.ActiveCfg = Release|Any CPU
		{26C5B51D-0DCE-4616-9F6C-EE743C48F661}.Release|Any CPU.Build.0 = Release|Any CPU
		{0BC3E121-BB35-4C0E-98B4-9753FCE9A883}.Debug|Any CPU.ActiveCfg = Debug|Any CPU
		{0BC3E121-BB35-4C0E-98B4-9753FCE9A883}.Debug|Any CPU.Build.0 = Debug|Any CPU
		{0BC3E121-BB35-4C0E-98B4-9753FCE9A883}.Release|Any CPU.ActiveCfg = Release|Any CPU
		{0BC3E121-BB35-4C0E-98B4-9753FCE9A883}.Release|Any CPU.Build.0 = Release|Any CPU
		{73B7465A-7242-4859-9FD7-E337F67B5A28}.Debug|Any CPU.ActiveCfg = Debug|Any CPU
		{73B7465A-7242-4859-9FD7-E337F67B5A28}.Debug|Any CPU.Build.0 = Debug|Any CPU
		{73B7465A-7242-4859-9FD7-E337F67B5A28}.Release|Any CPU.ActiveCfg = Release|Any CPU
		{73B7465A-7242-4859-9FD7-E337F67B5A28}.Release|Any CPU.Build.0 = Release|Any CPU
		{CD54A3F5-F14D-4C80-BBEE-44BF31ECA818}.Debug|Any CPU.ActiveCfg = Debug|Any CPU
		{CD54A3F5-F14D-4C80-BBEE-44BF31ECA818}.Debug|Any CPU.Build.0 = Debug|Any CPU
		{CD54A3F5-F14D-4C80-BBEE-44BF31ECA818}.Release|Any CPU.ActiveCfg = Release|Any CPU
		{CD54A3F5-F14D-4C80-BBEE-44BF31ECA818}.Release|Any CPU.Build.0 = Release|Any CPU
	EndGlobalSection
	GlobalSection(SolutionProperties) = preSolution
		HideSolutionNode = FALSE
	EndGlobalSection
	GlobalSection(ExtensibilityGlobals) = postSolution
		SolutionGuid = {4EBA458A-B985-43AA-9BC4-E1E74C58C54B}
	EndGlobalSection
EndGlobal
